{
  "version": "5",
  "redirects": {
    "https://esm.sh/@supabase/supabase-js@2": "https://esm.sh/@supabase/supabase-js@2.103.3"
  },
  "remote": {
    "https://esm.sh/@supabase/supabase-js@2.103.3": "f6efbe62d34ae9d50f3cf7eb51496246ec9378f422c38ff2b637a38157d4fc6b"
  },
  "workspace": {
    "packageJson": {
      "dependencies": [
        "npm:@anthropic-ai/sdk@0.80",
        "npm:@expo/vector-icons@^15.0.3",
        "npm:@react-native-async-storage/async-storage@2.2.0",
        "npm:@react-native-community/slider@5.0.1",
        "npm:@react-native-google-signin/google-signin@^16.1.2",
        "npm:@react-native-masked-view/masked-view@0.3.2",
        "npm:@react-navigation/bottom-tabs@^7.4.0",
        "npm:@react-navigation/elements@^2.6.3",
        "npm:@react-navigation/native@^7.1.8",
        "npm:@supabase/supabase-js@^2.100.0",
        "npm:@tanstack/react-query@^5.95.2",
        "npm:@testing-library/react-native@^13.3.3",
        "npm:@types/jest@30",
        "npm:@types/react@19.1",
        "npm:@typescript-eslint/eslint-plugin@^8.57.2",
        "npm:@typescript-eslint/parser@^8.57.2",
        "npm:eslint-config-expo@10.0",
        "npm:eslint-plugin-react-hooks@^7.0.1",
        "npm:eslint-plugin-react-native@5",
        "npm:eslint-plugin-react@^7.37.5",
        "npm:eslint-plugin-security@4",
        "npm:eslint@^9.39.4",
        "npm:expo-apple-authentication@~8.0.8",
        "npm:expo-auth-session@~7.0.10",
        "npm:expo-blur@~15.0.8",
        "npm:expo-build-properties@~1.0.10",
        "npm:expo-camera@~17.0.10",
        "npm:expo-clipboard@~8.0.8",
        "npm:expo-constants@~18.0.13",
        "npm:expo-crypto@~15.0.8",
        "npm:expo-file-system@~19.0.21",
        "npm:expo-font@~14.0.11",
        "npm:expo-haptics@~15.0.8",
        "npm:expo-image-manipulator@~14.0.8",
        "npm:expo-image-picker@~17.0.10",
        "npm:expo-image@~3.0.11",
        "npm:expo-linear-gradient@~15.0.8",
        "npm:expo-linking@~8.0.11",
        "npm:expo-media-library@~18.2.1",
        "npm:expo-notifications@~0.32.16",
        "npm:expo-router@~6.0.23",
        "npm:expo-secure-store@~15.0.8",
        "npm:expo-splash-screen@~31.0.13",
        "npm:expo-status-bar@~3.0.9",
        "npm:expo-symbols@~1.0.8",
        "npm:expo-system-ui@~6.0.9",
        "npm:expo-video-thumbnails@~10.0.8",
        "npm:expo-video@~3.0.16",
        "npm:expo-web-browser@~15.0.10",
        "npm:expo@~54.0.33",
        "npm:husky@^9.1.7",
        "npm:jest-expo@^55.0.13",
        "npm:jest@^30.3.0",
        "npm:nativewind@^4.2.3",
        "npm:prettier@^3.8.1",
        "npm:react-dom@19.1.0",
        "npm:react-native-compressor@^1.16.0",
        "npm:react-native-fbsdk-next@^13.4.3",
        "npm:react-native-gesture-handler@2.28",
        "npm:react-native-purchases@^9.15.0",
        "npm:react-native-reanimated@~4.1.1",
        "npm:react-native-safe-area-context@5.6",
        "npm:react-native-screens@4.16",
        "npm:react-native-web@0.21",
        "npm:react-native-worklets@0.5.1",
        "npm:react-native@0.81.5",
        "npm:react-test-renderer@^19.1.0",
        "npm:react@19.1.0",
        "npm:sharp@~0.34.5",
        "npm:tailwindcss@^3.4.19",
        "npm:typescript@~5.9.2",
        "npm:zustand@^5.0.12"
      ]
    }
  }
}
